
Microsoft Visual Studio Solution File, Format Version 12.00
# Visual Studio Version 16
VisualStudioVersion = 16.0.31613.86
MinimumVisualStudioVersion = 10.0.40219.1
Project("{9A19103F-16F7-4668-BE54-9A1E7A4F7556}") = "todo-lambdas", "todo-lambdas\todo-lambdas.csproj", "{2EF1A477-0D21-43CA-9A79-F04AA59C60F8}"
EndProject
Global
	GlobalSection(SolutionConfigurationPlatforms) = preSolution
		Debug|Any CPU = Debug|Any CPU
		Release|Any CPU = Release|Any CPU
	EndGlobalSection
	GlobalSection(ProjectConfigurationPlatforms) = postSolution
		{2EF1A477-0D21-43CA-9A79-F04AA59C60F8}.Debug|Any CPU.ActiveCfg = Debug|Any CPU
		{2EF1A477-0D21-43CA-9A79-F04AA59C60F8}.Debug|Any CPU.Build.0 = Debug|Any CPU
		{2EF1A477-0D21-43CA-9A79-F04AA59C60F8}.Release|Any CPU.ActiveCfg = Release|Any CPU
		{2EF1A477-0D21-43CA-9A79-F04AA59C60F8}.Release|Any CPU.Build.0 = Release|Any CPU
	EndGlobalSection
	GlobalSection(SolutionProperties) = preSolution
		HideSolutionNode = FALSE
	EndGlobalSection
	GlobalSection(ExtensibilityGlobals) = postSolution
		SolutionGuid = {B054CDD0-9E19-4A78-8AAA-C66FE256D922}
	EndGlobalSection
EndGlobal
